
Microsoft Visual Studio Solution File, Format Version 12.00
# Visual Studio Version 17
VisualStudioVersion = 17.5.33424.131
MinimumVisualStudioVersion = 10.0.40219.1
Project("{FAE04EC0-301F-11D3-BF4B-00C04F79EFBC}") = "TechProgram4", "TechProgram4.csproj", "{584AC7C6-2AC6-46FE-B552-0F2C6DE99AAF}"
EndProject
Global
	GlobalSection(SolutionConfigurationPlatforms) = preSolution
		Debug|Any CPU = Debug|Any CPU
		Release|Any CPU = Release|Any CPU
	EndGlobalSection
	GlobalSection(ProjectConfigurationPlatforms) = postSolution
		{584AC7C6-2AC6-46FE-B552-0F2C6DE99AAF}.Debug|Any CPU.ActiveCfg = Debug|Any CPU
		{584AC7C6-2AC6-46FE-B552-0F2C6DE99AAF}.Debug|Any CPU.Build.0 = Debug|Any CPU
		{584AC7C6-2AC6-46FE-B552-0F2C6DE99AAF}.Release|Any CPU.ActiveCfg = Release|Any CPU
		{584AC7C6-2AC6-46FE-B552-0F2C6DE99AAF}.Release|Any CPU.Build.0 = Release|Any CPU
	EndGlobalSection
	GlobalSection(SolutionProperties) = preSolution
		HideSolutionNode = FALSE
	EndGlobalSection
	GlobalSection(ExtensibilityGlobals) = postSolution
		SolutionGuid = {F3FD2DE0-B9E6-4B98-A576-8E0783B28EDD}
	EndGlobalSection
EndGlobal
